
Microsoft Visual Studio Solution File, Format Version 12.00
# Visual Studio 14
VisualStudioVersion = 14.0.25420.1
MinimumVisualStudioVersion = 10.0.40219.1
Project("{FAE04EC0-301F-11D3-BF4B-00C04F79EFBC}") = "myshadow", "myshadow\myshadow.csproj", "{761550CC-E42B-4877-B1EA-5B25F315D58F}"
EndProject
Project("{FAE04EC0-301F-11D3-BF4B-00C04F79EFBC}") = "DotNetCommons", "..\..\github\DotNetCommons\DotNetCommons\DotNetCommons.csproj", "{A86D8B8B-D601-4EB9-AA0A-E03372ACC104}"
EndProject
Global
	GlobalSection(SolutionConfigurationPlatforms) = preSolution
		Debug|Any CPU = Debug|Any CPU
		Release|Any CPU = Release|Any CPU
	EndGlobalSection
	GlobalSection(ProjectConfigurationPlatforms) = postSolution
		{761550CC-E42B-4877-B1EA-5B25F315D58F}.Debug|Any CPU.ActiveCfg = Debug|Any CPU
		{761550CC-E42B-4877-B1EA-5B25F315D58F}.Debug|Any CPU.Build.0 = Debug|Any CPU
		{761550CC-E42B-4877-B1EA-5B25F315D58F}.Release|Any CPU.ActiveCfg = Release|Any CPU
		{761550CC-E42B-4877-B1EA-5B25F315D58F}.Release|Any CPU.Build.0 = Release|Any CPU
		{A86D8B8B-D601-4EB9-AA0A-E03372ACC104}.Debug|Any CPU.ActiveCfg = Debug|Any CPU
		{A86D8B8B-D601-4EB9-AA0A-E03372ACC104}.Debug|Any CPU.Build.0 = Debug|Any CPU
		{A86D8B8B-D601-4EB9-AA0A-E03372ACC104}.Release|Any CPU.ActiveCfg = Release|Any CPU
		{A86D8B8B-D601-4EB9-AA0A-E03372ACC104}.Release|Any CPU.Build.0 = Release|Any CPU
	EndGlobalSection
	GlobalSection(SolutionProperties) = preSolution
		HideSolutionNode = FALSE
	EndGlobalSection
EndGlobal
